
Microsoft Visual Studio Solution File, Format Version 12.00
# Visual Studio Version 16
VisualStudioVersion = 16.0.28729.10
MinimumVisualStudioVersion = 10.0.40219.1
Project("{FAE04EC0-301F-11D3-BF4B-00C04F79EFBC}") = "TikkieAPI", "TikkieAPI\TikkieAPI.csproj", "{BF4FDDCD-70BC-4A04-AA20-80E8D665373C}"
EndProject
Global
	GlobalSection(SolutionConfigurationPlatforms) = preSolution
		Debug|Any CPU = Debug|Any CPU
		Release|Any CPU = Release|Any CPU
	EndGlobalSection
	GlobalSection(ProjectConfigurationPlatforms) = postSolution
		{BF4FDDCD-70BC-4A04-AA20-80E8D665373C}.Debug|Any CPU.ActiveCfg = Debug|Any CPU
		{BF4FDDCD-70BC-4A04-AA20-80E8D665373C}.Debug|Any CPU.Build.0 = Debug|Any CPU
		{BF4FDDCD-70BC-4A04-AA20-80E8D665373C}.Release|Any CPU.ActiveCfg = Release|Any CPU
		{BF4FDDCD-70BC-4A04-AA20-80E8D665373C}.Release|Any CPU.Build.0 = Release|Any CPU
	EndGlobalSection
	GlobalSection(SolutionProperties) = preSolution
		HideSolutionNode = FALSE
	EndGlobalSection
	GlobalSection(ExtensibilityGlobals) = postSolution
		SolutionGuid = {3D34BE13-63F1-4EF1-B1AF-5E99AD3369E7}
	EndGlobalSection
EndGlobal
